// !$*UTF8*$!
{
	archiveVersion = 1;
	classes = {
	};
	objectVersion = 77;
	objects = {

/* Begin PBXBuildFile section */
		020B4B41CCF4118C6A8CCF02 /* CanvasComposer.swift in Sources */ = {isa = PBXBuildFile; fileRef = "TEMP_4108AEC7-50EE-4E63-A58D-6B3D6808E71E" /* CanvasComposer.swift */; };
		0A2CD18E04635620DDDB1988 /* BridgeClient.swift in Sources */ = {isa = PBXBuildFile; fileRef = "TEMP_EE2CB1B7-DF35-481D-9081-52C656D444A8" /* BridgeClient.swift */; };
		3E51367B43A1E04968C06E47 /* RootView.swift in Sources */ = {isa = PBXBuildFile; fileRef = "TEMP_9CEE5772-32BA-4BB8-9F22-443775D35B76" /* RootView.swift */; };
		498E00F3B985D7669B278C25 /* Assets.xcassets in Resources */ = {isa = PBXBuildFile; fileRef = "TEMP_CB1C161C-C2E0-4328-AFB6-98D201333259" /* Assets.xcassets */; };
		6A6BA9087AB1F46C6C2A862D /* EventStream.swift in Sources */ = {isa = PBXBuildFile; fileRef = "TEMP_CFCA01CC-B785-450F-88F4-999FEE257EE1" /* EventStream.swift */; };
		7A054B02A90FBFBBDFD94C00 /* ProjectBlueprintView.swift in Sources */ = {isa = PBXBuildFile; fileRef = "TEMP_8F63CBEB-1960-45DE-BB5E-E05650662725" /* ProjectBlueprintView.swift */; };
		83E8816AF2B44836A61ED5A1 /* VibexApp.swift in Sources */ = {isa = PBXBuildFile; fileRef = "TEMP_BECA49F2-8BF6-4520-8642-1089AEDDCDD8" /* VibexApp.swift */; };
		8D85A435DB4988A4D40D749A /* DrawingToolbar.swift in Sources */ = {isa = PBXBuildFile; fileRef = "TEMP_8DC0099D-6C3A-4FD4-88EB-4EE1B4B57FD6" /* DrawingToolbar.swift */; };
		A087B10F4D89C1AED1330342 /* SelectionOverlay.swift in Sources */ = {isa = PBXBuildFile; fileRef = "TEMP_7DD7DB06-6599-4C8D-B398-E1007EE281BB" /* SelectionOverlay.swift */; };
		ACD7995B7FBB640791D7C1A8 /* LivePreviewEditorView.swift in Sources */ = {isa = PBXBuildFile; fileRef = "TEMP_7E0B04CA-2D4E-4F6E-A19F-614D4EEE3114" /* LivePreviewEditorView.swift */; };
		BD26B6427B2F332C8F18CA50 /* ShapeSnap.swift in Sources */ = {isa = PBXBuildFile; fileRef = "TEMP_21AAC740-CFA4-47E1-9FAB-42F83FAB68D0" /* ShapeSnap.swift */; };
		C36C8FAEA6E3F486CA68651D /* HarnessView.swift in Sources */ = {isa = PBXBuildFile; fileRef = "TEMP_12718374-4D25-43B4-9C54-9B9C68312447" /* HarnessView.swift */; };
		E03C66084C8BB220585E796F /* AnnotationCanvasView.swift in Sources */ = {isa = PBXBuildFile; fileRef = "TEMP_3FD77504-6B86-41BF-8200-ACB4D908499C" /* AnnotationCanvasView.swift */; };
		F40F921601CF8153660D4FF5 /* PencilCanvas.swift in Sources */ = {isa = PBXBuildFile; fileRef = "TEMP_963A149D-6C50-4C1C-89E1-5C661FB13372" /* PencilCanvas.swift */; };
/* End PBXBuildFile section */

/* Begin PBXFileReference section */
		8443143F55201380A755EDB2 /* Vibex.app */ = {isa = PBXFileReference; explicitFileType = wrapper.application; includeInIndex = 0; path = Vibex.app; sourceTree = BUILT_PRODUCTS_DIR; };
		"TEMP_12718374-4D25-43B4-9C54-9B9C68312447" /* HarnessView.swift */ = {isa = PBXFileReference; lastKnownFileType = sourcecode.swift; path = HarnessView.swift; sourceTree = "<group>"; };
		"TEMP_21AAC740-CFA4-47E1-9FAB-42F83FAB68D0" /* ShapeSnap.swift */ = {isa = PBXFileReference; lastKnownFileType = sourcecode.swift; path = ShapeSnap.swift; sourceTree = "<group>"; };
		"TEMP_3FD77504-6B86-41BF-8200-ACB4D908499C" /* AnnotationCanvasView.swift */ = {isa = PBXFileReference; lastKnownFileType = sourcecode.swift; path = AnnotationCanvasView.swift; sourceTree = "<group>"; };
		"TEMP_4108AEC7-50EE-4E63-A58D-6B3D6808E71E" /* CanvasComposer.swift */ = {isa = PBXFileReference; lastKnownFileType = sourcecode.swift; path = CanvasComposer.swift; sourceTree = "<group>"; };
		"TEMP_7DD7DB06-6599-4C8D-B398-E1007EE281BB" /* SelectionOverlay.swift */ = {isa = PBXFileReference; lastKnownFileType = sourcecode.swift; path = SelectionOverlay.swift; sourceTree = "<group>"; };
		"TEMP_7E0B04CA-2D4E-4F6E-A19F-614D4EEE3114" /* LivePreviewEditorView.swift */ = {isa = PBXFileReference; lastKnownFileType = sourcecode.swift; path = LivePreviewEditorView.swift; sourceTree = "<group>"; };
		"TEMP_8DC0099D-6C3A-4FD4-88EB-4EE1B4B57FD6" /* DrawingToolbar.swift */ = {isa = PBXFileReference; lastKnownFileType = sourcecode.swift; path = DrawingToolbar.swift; sourceTree = "<group>"; };
		"TEMP_8F63CBEB-1960-45DE-BB5E-E05650662725" /* ProjectBlueprintView.swift */ = {isa = PBXFileReference; lastKnownFileType = sourcecode.swift; path = ProjectBlueprintView.swift; sourceTree = "<group>"; };
		"TEMP_963A149D-6C50-4C1C-89E1-5C661FB13372" /* PencilCanvas.swift */ = {isa = PBXFileReference; lastKnownFileType = sourcecode.swift; path = PencilCanvas.swift; sourceTree = "<group>"; };
		"TEMP_9CEE5772-32BA-4BB8-9F22-443775D35B76" /* RootView.swift */ = {isa = PBXFileReference; lastKnownFileType = sourcecode.swift; path = RootView.swift; sourceTree = "<group>"; };
		"TEMP_BECA49F2-8BF6-4520-8642-1089AEDDCDD8" /* VibexApp.swift */ = {isa = PBXFileReference; lastKnownFileType = sourcecode.swift; path = VibexApp.swift; sourceTree = "<group>"; };
		"TEMP_CB1C161C-C2E0-4328-AFB6-98D201333259" /* Assets.xcassets */ = {isa = PBXFileReference; lastKnownFileType = folder.assetcatalog; path = Assets.xcassets; sourceTree = "<group>"; };
		"TEMP_CBC5D043-5163-4134-AFB7-F70ABCFD96ED" /* Local.xcconfig */ = {isa = PBXFileReference; lastKnownFileType = text.xcconfig; path = Local.xcconfig; sourceTree = "<group>"; };
		"TEMP_CFCA01CC-B785-450F-88F4-999FEE257EE1" /* EventStream.swift */ = {isa = PBXFileReference; lastKnownFileType = sourcecode.swift; path = EventStream.swift; sourceTree = "<group>"; };
		"TEMP_EE2CB1B7-DF35-481D-9081-52C656D444A8" /* BridgeClient.swift */ = {isa = PBXFileReference; lastKnownFileType = sourcecode.swift; path = BridgeClient.swift; sourceTree = "<group>"; };
/* End PBXFileReference section */

/* Begin PBXGroup section */
		5328E02D7EF36AF5A8348653 /* Products */ = {
			isa = PBXGroup;
			children = (
				8443143F55201380A755EDB2 /* Vibex.app */,
			);
			name = Products;
			sourceTree = "<group>";
		};
		84BD64803044E0B600316FAF /* Recovered References */ = {
			isa = PBXGroup;
			children = (
				"TEMP_3FD77504-6B86-41BF-8200-ACB4D908499C" /* AnnotationCanvasView.swift */,
				"TEMP_EE2CB1B7-DF35-481D-9081-52C656D444A8" /* BridgeClient.swift */,
				"TEMP_4108AEC7-50EE-4E63-A58D-6B3D6808E71E" /* CanvasComposer.swift */,
				"TEMP_8DC0099D-6C3A-4FD4-88EB-4EE1B4B57FD6" /* DrawingToolbar.swift */,
				"TEMP_CFCA01CC-B785-450F-88F4-999FEE257EE1" /* EventStream.swift */,
				"TEMP_12718374-4D25-43B4-9C54-9B9C68312447" /* HarnessView.swift */,
				"TEMP_7E0B04CA-2D4E-4F6E-A19F-614D4EEE3114" /* LivePreviewEditorView.swift */,
				"TEMP_963A149D-6C50-4C1C-89E1-5C661FB13372" /* PencilCanvas.swift */,
				"TEMP_8F63CBEB-1960-45DE-BB5E-E05650662725" /* ProjectBlueprintView.swift */,
				"TEMP_9CEE5772-32BA-4BB8-9F22-443775D35B76" /* RootView.swift */,
				"TEMP_7DD7DB06-6599-4C8D-B398-E1007EE281BB" /* SelectionOverlay.swift */,
				"TEMP_21AAC740-CFA4-47E1-9FAB-42F83FAB68D0" /* ShapeSnap.swift */,
				"TEMP_BECA49F2-8BF6-4520-8642-1089AEDDCDD8" /* VibexApp.swift */,
				"TEMP_CB1C161C-C2E0-4328-AFB6-98D201333259" /* Assets.xcassets */,
				"TEMP_CBC5D043-5163-4134-AFB7-F70ABCFD96ED" /* Local.xcconfig */,
			);
			name = "Recovered References";
			sourceTree = "<group>";
		};
		DD68C710637FA73E797FECCE = {
			isa = PBXGroup;
			children = (
				5328E02D7EF36AF5A8348653 /* Products */,
				84BD64803044E0B600316FAF /* Recovered References */,
			);
			sourceTree = "<group>";
		};
/* End PBXGroup section */

/* Begin PBXNativeTarget section */
		A675ED5F779372C1EE35BBC7 /* Vibex */ = {
			isa = PBXNativeTarget;
			buildConfigurationList = 3219100FFB8ED59B406A2F45 /* Build configuration list for PBXNativeTarget "Vibex" */;
			buildPhases = (
				177EE82F71ADB1D83EE42AA4 /* Sources */,
				05017662EE78C9FC3D8577BE /* Resources */,
			);
			buildRules = (
			);
			dependencies = (
			);
			name = Vibex;
			packageProductDependencies = (
			);
			productName = Vibex;
			productReference = 8443143F55201380A755EDB2 /* Vibex.app */;
			productType = "com.apple.product-type.application";
		};
/* End PBXNativeTarget section */

/* Begin PBXProject section */
		D3DF6F9D5F80DDA7A4B6B6FE /* Project object */ = {
			isa = PBXProject;
			attributes = {
				BuildIndependentTargetsInParallel = YES;
				LastUpgradeCheck = 1430;
				TargetAttributes = {
					A675ED5F779372C1EE35BBC7 = {
						ProvisioningStyle = Automatic;
					};
				};
			};
			buildConfigurationList = C798100E75EAC027FF720B8F /* Build configuration list for PBXProject "Vibex" */;
			developmentRegion = en;
			hasScannedForEncodings = 0;
			knownRegions = (
				Base,
				en,
			);
			mainGroup = DD68C710637FA73E797FECCE;
			minimizedProjectReferenceProxies = 1;
			preferredProjectObjectVersion = 77;
			productRefGroup = 5328E02D7EF36AF5A8348653 /* Products */;
			projectDirPath = "";
			projectRoot = "";
			targets = (
				A675ED5F779372C1EE35BBC7 /* Vibex */,
			);
		};
/* End PBXProject section */

/* Begin PBXResourcesBuildPhase section */
		05017662EE78C9FC3D8577BE /* Resources */ = {
			isa = PBXResourcesBuildPhase;
			buildActionMask = 2147483647;
			files = (
				498E00F3B985D7669B278C25 /* Assets.xcassets in Resources */,
			);
			runOnlyForDeploymentPostprocessing = 0;
		};
/* End PBXResourcesBuildPhase section */

/* Begin PBXSourcesBuildPhase section */
		177EE82F71ADB1D83EE42AA4 /* Sources */ = {
			isa = PBXSourcesBuildPhase;
			buildActionMask = 2147483647;
			files = (
				E03C66084C8BB220585E796F /* AnnotationCanvasView.swift in Sources */,
				0A2CD18E04635620DDDB1988 /* BridgeClient.swift in Sources */,
				020B4B41CCF4118C6A8CCF02 /* CanvasComposer.swift in Sources */,
				8D85A435DB4988A4D40D749A /* DrawingToolbar.swift in Sources */,
				6A6BA9087AB1F46C6C2A862D /* EventStream.swift in Sources */,
				C36C8FAEA6E3F486CA68651D /* HarnessView.swift in Sources */,
				ACD7995B7FBB640791D7C1A8 /* LivePreviewEditorView.swift in Sources */,
				F40F921601CF8153660D4FF5 /* PencilCanvas.swift in Sources */,
				7A054B02A90FBFBBDFD94C00 /* ProjectBlueprintView.swift in Sources */,
				3E51367B43A1E04968C06E47 /* RootView.swift in Sources */,
				A087B10F4D89C1AED1330342 /* SelectionOverlay.swift in Sources */,
				BD26B6427B2F332C8F18CA50 /* ShapeSnap.swift in Sources */,
				83E8816AF2B44836A61ED5A1 /* VibexApp.swift in Sources */,
			);
			runOnlyForDeploymentPostprocessing = 0;
		};
/* End PBXSourcesBuildPhase section */

/* Begin XCBuildConfiguration section */
		3B3C3B8715D56E64E3831A31 /* Release */ = {
			isa = XCBuildConfiguration;
			buildSettings = {
				ALWAYS_SEARCH_USER_PATHS = NO;
				CLANG_ANALYZER_NONNULL = YES;
				CLANG_ANALYZER_NUMBER_OBJECT_CONVERSION = YES_AGGRESSIVE;
				CLANG_CXX_LANGUAGE_STANDARD = "gnu++14";
				CLANG_CXX_LIBRARY = "libc++";
				CLANG_ENABLE_MODULES = YES;
				CLANG_ENABLE_OBJC_ARC = YES;
				CLANG_ENABLE_OBJC_WEAK = YES;
				CLANG_WARN_BLOCK_CAPTURE_AUTORELEASING = YES;
				CLANG_WARN_BOOL_CONVERSION = YES;
				CLANG_WARN_COMMA = YES;
				CLANG_WARN_CONSTANT_CONVERSION = YES;
				CLANG_WARN_DEPRECATED_OBJC_IMPLEMENTATIONS = YES;
				CLANG_WARN_DIRECT_OBJC_ISA_USAGE = YES_ERROR;
				CLANG_WARN_DOCUMENTATION_COMMENTS = YES;
				CLANG_WARN_EMPTY_BODY = YES;
				CLANG_WARN_ENUM_CONVERSION = YES;
				CLANG_WARN_INFINITE_RECURSION = YES;
				CLANG_WARN_INT_CONVERSION = YES;
				CLANG_WARN_NON_LITERAL_NULL_CONVERSION = YES;
				CLANG_WARN_OBJC_IMPLICIT_RETAIN_SELF = YES;
				CLANG_WARN_OBJC_LITERAL_CONVERSION = YES;
				CLANG_WARN_OBJC_ROOT_CLASS = YES_ERROR;
				CLANG_WARN_QUOTED_INCLUDE_IN_FRAMEWORK_HEADER = YES;
				CLANG_WARN_RANGE_LOOP_ANALYSIS = YES;
				CLANG_WARN_STRICT_PROTOTYPES = YES;
				CLANG_WARN_SUSPICIOUS_MOVE = YES;
				CLANG_WARN_UNGUARDED_AVAILABILITY = YES_AGGRESSIVE;
				CLANG_WARN_UNREACHABLE_CODE = YES;
				CLANG_WARN__DUPLICATE_METHOD_MATCH = YES;
				COPY_PHASE_STRIP = NO;
				DEBUG_INFORMATION_FORMAT = "dwarf-with-dsym";
				ENABLE_NS_ASSERTIONS = NO;
				ENABLE_STRICT_OBJC_MSGSEND = YES;
				GCC_C_LANGUAGE_STANDARD = gnu11;
				GCC_NO_COMMON_BLOCKS = YES;
				GCC_WARN_64_TO_32_BIT_CONVERSION = YES;
				GCC_WARN_ABOUT_RETURN_TYPE = YES_ERROR;
				GCC_WARN_UNDECLARED_SELECTOR = YES;
				GCC_WARN_UNINITIALIZED_AUTOS = YES_AGGRESSIVE;
				GCC_WARN_UNUSED_FUNCTION = YES;
				GCC_WARN_UNUSED_VARIABLE = YES;
				IPHONEOS_DEPLOYMENT_TARGET = 16.0;
				MTL_ENABLE_DEBUG_INFO = NO;
				MTL_FAST_MATH = YES;
				PRODUCT_NAME = "$(TARGET_NAME)";
				SDKROOT = iphoneos;
				SWIFT_COMPILATION_MODE = wholemodule;
				SWIFT_OPTIMIZATION_LEVEL = "-O";
				SWIFT_VERSION = 5.0;
			};
			name = Release;
		};
		474ED41FF01448075D75BE79 /* Debug */ = {
			isa = XCBuildConfiguration;
			buildSettings = {
				ALWAYS_SEARCH_USER_PATHS = NO;
				CLANG_ANALYZER_NONNULL = YES;
				CLANG_ANALYZER_NUMBER_OBJECT_CONVERSION = YES_AGGRESSIVE;
				CLANG_CXX_LANGUAGE_STANDARD = "gnu++14";
				CLANG_CXX_LIBRARY = "libc++";
				CLANG_ENABLE_MODULES = YES;
				CLANG_ENABLE_OBJC_ARC = YES;
				CLANG_ENABLE_OBJC_WEAK = YES;
				CLANG_WARN_BLOCK_CAPTURE_AUTORELEASING = YES;
				CLANG_WARN_BOOL_CONVERSION = YES;
				CLANG_WARN_COMMA = YES;
				CLANG_WARN_CONSTANT_CONVERSION = YES;
				CLANG_WARN_DEPRECATED_OBJC_IMPLEMENTATIONS = YES;
				CLANG_WARN_DIRECT_OBJC_ISA_USAGE = YES_ERROR;
				CLANG_WARN_DOCUMENTATION_COMMENTS = YES;
				CLANG_WARN_EMPTY_BODY = YES;
				CLANG_WARN_ENUM_CONVERSION = YES;
				CLANG_WARN_INFINITE_RECURSION = YES;
				CLANG_WARN_INT_CONVERSION = YES;
				CLANG_WARN_NON_LITERAL_NULL_CONVERSION = YES;
				CLANG_WARN_OBJC_IMPLICIT_RETAIN_SELF = YES;
				CLANG_WARN_OBJC_LITERAL_CONVERSION = YES;
				CLANG_WARN_OBJC_ROOT_CLASS = YES_ERROR;
				CLANG_WARN_QUOTED_INCLUDE_IN_FRAMEWORK_HEADER = YES;
				CLANG_WARN_RANGE_LOOP_ANALYSIS = YES;
				CLANG_WARN_STRICT_PROTOTYPES = YES;
				CLANG_WARN_SUSPICIOUS_MOVE = YES;
				CLANG_WARN_UNGUARDED_AVAILABILITY = YES_AGGRESSIVE;
				CLANG_WARN_UNREACHABLE_CODE = YES;
				CLANG_WARN__DUPLICATE_METHOD_MATCH = YES;
				COPY_PHASE_STRIP = NO;
				DEBUG_INFORMATION_FORMAT = dwarf;
				ENABLE_STRICT_OBJC_MSGSEND = YES;
				ENABLE_TESTABILITY = YES;
				GCC_C_LANGUAGE_STANDARD = gnu11;
				GCC_DYNAMIC_NO_PIC = NO;
				GCC_NO_COMMON_BLOCKS = YES;
				GCC_OPTIMIZATION_LEVEL = 0;
				GCC_PREPROCESSOR_DEFINITIONS = (
					"$(inherited)",
					"DEBUG=1",
				);
				GCC_WARN_64_TO_32_BIT_CONVERSION = YES;
				GCC_WARN_ABOUT_RETURN_TYPE = YES_ERROR;
				GCC_WARN_UNDECLARED_SELECTOR = YES;
				GCC_WARN_UNINITIALIZED_AUTOS = YES_AGGRESSIVE;
				GCC_WARN_UNUSED_FUNCTION = YES;
				GCC_WARN_UNUSED_VARIABLE = YES;
				IPHONEOS_DEPLOYMENT_TARGET = 16.0;
				MTL_ENABLE_DEBUG_INFO = INCLUDE_SOURCE;
				MTL_FAST_MATH = YES;
				ONLY_ACTIVE_ARCH = YES;
				PRODUCT_NAME = "$(TARGET_NAME)";
				SDKROOT = iphoneos;
				SWIFT_ACTIVE_COMPILATION_CONDITIONS = DEBUG;
				SWIFT_OPTIMIZATION_LEVEL = "-Onone";
				SWIFT_VERSION = 5.0;
			};
			name = Debug;
		};
		99190836DBE94F09F151FC85 /* Debug */ = {
			isa = XCBuildConfiguration;
			baseConfigurationReference = "TEMP_CBC5D043-5163-4134-AFB7-F70ABCFD96ED" /* Local.xcconfig */;
			buildSettings = {
				ASSETCATALOG_COMPILER_APPICON_NAME = AppIcon;
				CODE_SIGN_IDENTITY = "iPhone Developer";
				CODE_SIGN_STYLE = Automatic;
				CURRENT_PROJECT_VERSION = 1;
				DEVELOPMENT_TEAM = D5QAJTL57J;
				INFOPLIST_FILE = Info.plist;
				LD_RUNPATH_SEARCH_PATHS = (
					"$(inherited)",
					"@executable_path/Frameworks",
				);
				MARKETING_VERSION = 0.1.0;
				PRODUCT_BUNDLE_IDENTIFIER = com.hansangcharim.vibex;
				SDKROOT = iphoneos;
				SWIFT_VERSION = 5.9;
				TARGETED_DEVICE_FAMILY = 2;
			};
			name = Debug;
		};
		E48DC1A56FF41E5817312D0B /* Release */ = {
			isa = XCBuildConfiguration;
			baseConfigurationReference = "TEMP_CBC5D043-5163-4134-AFB7-F70ABCFD96ED" /* Local.xcconfig */;
			buildSettings = {
				ASSETCATALOG_COMPILER_APPICON_NAME = AppIcon;
				CODE_SIGN_IDENTITY = "iPhone Developer";
				CODE_SIGN_STYLE = Automatic;
				CURRENT_PROJECT_VERSION = 1;
				DEVELOPMENT_TEAM = D5QAJTL57J;
				INFOPLIST_FILE = Info.plist;
				LD_RUNPATH_SEARCH_PATHS = (
					"$(inherited)",
					"@executable_path/Frameworks",
				);
				MARKETING_VERSION = 0.1.0;
				PRODUCT_BUNDLE_IDENTIFIER = com.hansangcharim.vibex;
				SDKROOT = iphoneos;
				SWIFT_VERSION = 5.9;
				TARGETED_DEVICE_FAMILY = 2;
			};
			name = Release;
		};
/* End XCBuildConfiguration section */

/* Begin XCConfigurationList section */
		3219100FFB8ED59B406A2F45 /* Build configuration list for PBXNativeTarget "Vibex" */ = {
			isa = XCConfigurationList;
			buildConfigurations = (
				99190836DBE94F09F151FC85 /* Debug */,
				E48DC1A56FF41E5817312D0B /* Release */,
			);
			defaultConfigurationIsVisible = 0;
			defaultConfigurationName = Debug;
		};
		C798100E75EAC027FF720B8F /* Build configuration list for PBXProject "Vibex" */ = {
			isa = XCConfigurationList;
			buildConfigurations = (
				474ED41FF01448075D75BE79 /* Debug */,
				3B3C3B8715D56E64E3831A31 /* Release */,
			);
			defaultConfigurationIsVisible = 0;
			defaultConfigurationName = Debug;
		};
/* End XCConfigurationList section */
	};
	rootObject = D3DF6F9D5F80DDA7A4B6B6FE /* Project object */;
}
