// !$*UTF8*$!
{
	archiveVersion = 1;
	classes = {
	};
	objectVersion = 77;
	objects = {

/* Begin PBXBuildFile section */
		0621236CCA70976DE4DC89EC /* ShapeSnap.swift in Sources */ = {isa = PBXBuildFile; fileRef = "TEMP_8D553DD4-6F79-4AAE-B345-66E58C438929" /* ShapeSnap.swift */; };
		463F1DF98BD2FAED816F2CB0 /* CanvasComposer.swift in Sources */ = {isa = PBXBuildFile; fileRef = "TEMP_FA710D1F-7E49-486F-A6D4-5EFC0C1DAFBB" /* CanvasComposer.swift */; };
		6943D43F4DAB2D366B7D2790 /* PencilCanvas.swift in Sources */ = {isa = PBXBuildFile; fileRef = "TEMP_18C6C6B1-692F-44C5-9628-2E7E67906731" /* PencilCanvas.swift */; };
		766E4C36ED774EA96327FEE7 /* DrawingToolbar.swift in Sources */ = {isa = PBXBuildFile; fileRef = "TEMP_505A2636-DE4E-40E7-894B-91A386E443C5" /* DrawingToolbar.swift */; };
		945E4D49B11F432F4468D18B /* LivePreviewEditorView.swift in Sources */ = {isa = PBXBuildFile; fileRef = "TEMP_3FAE4A60-1DAB-48E0-875C-5EDF8671A7E3" /* LivePreviewEditorView.swift */; };
		9BD63618155C7F26D6A7D256 /* SelectionOverlay.swift in Sources */ = {isa = PBXBuildFile; fileRef = "TEMP_114BB21B-D25F-4DA4-B314-10F6AA79D13F" /* SelectionOverlay.swift */; };
		A31908FE135A74CDCBBE3812 /* RootView.swift in Sources */ = {isa = PBXBuildFile; fileRef = "TEMP_552F28C5-5B40-44FA-8EA6-F41640BC4BF1" /* RootView.swift */; };
		AEB840A377F9F1105A6835BD /* BridgeClient.swift in Sources */ = {isa = PBXBuildFile; fileRef = "TEMP_9CD48598-6148-4E4B-8B67-84E591C44393" /* BridgeClient.swift */; };
		C85ABA3EE2A24B386F3DA63A /* VibexApp.swift in Sources */ = {isa = PBXBuildFile; fileRef = "TEMP_AF112B15-45DD-4570-8293-FF38C43F3E31" /* VibexApp.swift */; };
		D0D59C6989BE704B8B584013 /* HarnessView.swift in Sources */ = {isa = PBXBuildFile; fileRef = "TEMP_0A8A3B38-9EC6-4BF4-9E02-B9FDEC9DD77E" /* HarnessView.swift */; };
		D9C28AB54211DE875C5CDF55 /* EventStream.swift in Sources */ = {isa = PBXBuildFile; fileRef = "TEMP_E83E7ED5-0D83-44CF-ACF2-6853BB28112B" /* EventStream.swift */; };
		E38FC85F45CF994BA40B3E93 /* AnnotationCanvasView.swift in Sources */ = {isa = PBXBuildFile; fileRef = "TEMP_1F906695-1605-40CD-BEE8-4DEB5071C03F" /* AnnotationCanvasView.swift */; };
/* End PBXBuildFile section */

/* Begin PBXFileReference section */
		8443143F55201380A755EDB2 /* Vibex.app */ = {isa = PBXFileReference; includeInIndex = 0; lastKnownFileType = wrapper.application; path = Vibex.app; sourceTree = BUILT_PRODUCTS_DIR; };
		"TEMP_0A8A3B38-9EC6-4BF4-9E02-B9FDEC9DD77E" /* HarnessView.swift */ = {isa = PBXFileReference; lastKnownFileType = sourcecode.swift; path = HarnessView.swift; sourceTree = "<group>"; };
		"TEMP_114BB21B-D25F-4DA4-B314-10F6AA79D13F" /* SelectionOverlay.swift */ = {isa = PBXFileReference; lastKnownFileType = sourcecode.swift; path = SelectionOverlay.swift; sourceTree = "<group>"; };
		"TEMP_18C6C6B1-692F-44C5-9628-2E7E67906731" /* PencilCanvas.swift */ = {isa = PBXFileReference; lastKnownFileType = sourcecode.swift; path = PencilCanvas.swift; sourceTree = "<group>"; };
		"TEMP_1F906695-1605-40CD-BEE8-4DEB5071C03F" /* AnnotationCanvasView.swift */ = {isa = PBXFileReference; lastKnownFileType = sourcecode.swift; path = AnnotationCanvasView.swift; sourceTree = "<group>"; };
		"TEMP_3FAE4A60-1DAB-48E0-875C-5EDF8671A7E3" /* LivePreviewEditorView.swift */ = {isa = PBXFileReference; lastKnownFileType = sourcecode.swift; path = LivePreviewEditorView.swift; sourceTree = "<group>"; };
		"TEMP_505A2636-DE4E-40E7-894B-91A386E443C5" /* DrawingToolbar.swift */ = {isa = PBXFileReference; lastKnownFileType = sourcecode.swift; path = DrawingToolbar.swift; sourceTree = "<group>"; };
		"TEMP_552F28C5-5B40-44FA-8EA6-F41640BC4BF1" /* RootView.swift */ = {isa = PBXFileReference; lastKnownFileType = sourcecode.swift; path = RootView.swift; sourceTree = "<group>"; };
		"TEMP_8D553DD4-6F79-4AAE-B345-66E58C438929" /* ShapeSnap.swift */ = {isa = PBXFileReference; lastKnownFileType = sourcecode.swift; path = ShapeSnap.swift; sourceTree = "<group>"; };
		"TEMP_9CD48598-6148-4E4B-8B67-84E591C44393" /* BridgeClient.swift */ = {isa = PBXFileReference; lastKnownFileType = sourcecode.swift; path = BridgeClient.swift; sourceTree = "<group>"; };
		"TEMP_AF112B15-45DD-4570-8293-FF38C43F3E31" /* VibexApp.swift */ = {isa = PBXFileReference; lastKnownFileType = sourcecode.swift; path = VibexApp.swift; sourceTree = "<group>"; };
		"TEMP_E83E7ED5-0D83-44CF-ACF2-6853BB28112B" /* EventStream.swift */ = {isa = PBXFileReference; lastKnownFileType = sourcecode.swift; path = EventStream.swift; sourceTree = "<group>"; };
		"TEMP_FA710D1F-7E49-486F-A6D4-5EFC0C1DAFBB" /* CanvasComposer.swift */ = {isa = PBXFileReference; lastKnownFileType = sourcecode.swift; path = CanvasComposer.swift; sourceTree = "<group>"; };
/* End PBXFileReference section */

/* Begin PBXGroup section */
		5328E02D7EF36AF5A8348653 /* Products */ = {
			isa = PBXGroup;
			children = (
				8443143F55201380A755EDB2 /* Vibex.app */,
			);
			name = Products;
			sourceTree = "<group>";
		};
		DD68C710637FA73E797FECCE = {
			isa = PBXGroup;
			children = (
				5328E02D7EF36AF5A8348653 /* Products */,
			);
			sourceTree = "<group>";
		};
		"TEMP_8508445D-4866-49D8-81CD-041F0166B076" /* . */ = {
			isa = PBXGroup;
			children = (
				"TEMP_1F906695-1605-40CD-BEE8-4DEB5071C03F" /* AnnotationCanvasView.swift */,
				"TEMP_114BB21B-D25F-4DA4-B314-10F6AA79D13F" /* SelectionOverlay.swift */,
				"TEMP_505A2636-DE4E-40E7-894B-91A386E443C5" /* DrawingToolbar.swift */,
				"TEMP_AF112B15-45DD-4570-8293-FF38C43F3E31" /* VibexApp.swift */,
				"TEMP_9CD48598-6148-4E4B-8B67-84E591C44393" /* BridgeClient.swift */,
				"TEMP_E83E7ED5-0D83-44CF-ACF2-6853BB28112B" /* EventStream.swift */,
				"TEMP_0A8A3B38-9EC6-4BF4-9E02-B9FDEC9DD77E" /* HarnessView.swift */,
				"TEMP_552F28C5-5B40-44FA-8EA6-F41640BC4BF1" /* RootView.swift */,
				"TEMP_8D553DD4-6F79-4AAE-B345-66E58C438929" /* ShapeSnap.swift */,
				"TEMP_FA710D1F-7E49-486F-A6D4-5EFC0C1DAFBB" /* CanvasComposer.swift */,
				"TEMP_18C6C6B1-692F-44C5-9628-2E7E67906731" /* PencilCanvas.swift */,
				"TEMP_3FAE4A60-1DAB-48E0-875C-5EDF8671A7E3" /* LivePreviewEditorView.swift */,
			);
			name = .;
			path = .;
			sourceTree = "<group>";
		};
/* End PBXGroup section */

/* Begin PBXNativeTarget section */
		A675ED5F779372C1EE35BBC7 /* Vibex */ = {
			isa = PBXNativeTarget;
			buildConfigurationList = 3219100FFB8ED59B406A2F45 /* Build configuration list for PBXNativeTarget "Vibex" */;
			buildPhases = (
				177EE82F71ADB1D83EE42AA4 /* Sources */,
			);
			buildRules = (
			);
			dependencies = (
			);
			name = Vibex;
			packageProductDependencies = (
			);
			productName = Vibex;
			productReference = 8443143F55201380A755EDB2 /* Vibex.app */;
			productType = "com.apple.product-type.application";
		};
/* End PBXNativeTarget section */

/* Begin PBXProject section */
		D3DF6F9D5F80DDA7A4B6B6FE /* Project object */ = {
			isa = PBXProject;
			attributes = {
				BuildIndependentTargetsInParallel = YES;
				LastUpgradeCheck = 1430;
				TargetAttributes = {
					A675ED5F779372C1EE35BBC7 = {
						DevelopmentTeam = D5QAJTL57J;
						ProvisioningStyle = Automatic;
					};
				};
			};
			buildConfigurationList = C798100E75EAC027FF720B8F /* Build configuration list for PBXProject "Vibex" */;
			developmentRegion = en;
			hasScannedForEncodings = 0;
			knownRegions = (
				Base,
				en,
			);
			mainGroup = DD68C710637FA73E797FECCE;
			minimizedProjectReferenceProxies = 1;
			preferredProjectObjectVersion = 77;
			productRefGroup = 5328E02D7EF36AF5A8348653 /* Products */;
			projectDirPath = "";
			projectRoot = "";
			targets = (
				A675ED5F779372C1EE35BBC7 /* Vibex */,
			);
		};
/* End PBXProject section */

/* Begin PBXSourcesBuildPhase section */
		177EE82F71ADB1D83EE42AA4 /* Sources */ = {
			isa = PBXSourcesBuildPhase;
			buildActionMask = 2147483647;
			files = (
				E38FC85F45CF994BA40B3E93 /* AnnotationCanvasView.swift in Sources */,
				AEB840A377F9F1105A6835BD /* BridgeClient.swift in Sources */,
				463F1DF98BD2FAED816F2CB0 /* CanvasComposer.swift in Sources */,
				766E4C36ED774EA96327FEE7 /* DrawingToolbar.swift in Sources */,
				D9C28AB54211DE875C5CDF55 /* EventStream.swift in Sources */,
				D0D59C6989BE704B8B584013 /* HarnessView.swift in Sources */,
				945E4D49B11F432F4468D18B /* LivePreviewEditorView.swift in Sources */,
				6943D43F4DAB2D366B7D2790 /* PencilCanvas.swift in Sources */,
				A31908FE135A74CDCBBE3812 /* RootView.swift in Sources */,
				9BD63618155C7F26D6A7D256 /* SelectionOverlay.swift in Sources */,
				0621236CCA70976DE4DC89EC /* ShapeSnap.swift in Sources */,
				C85ABA3EE2A24B386F3DA63A /* VibexApp.swift in Sources */,
			);
			runOnlyForDeploymentPostprocessing = 0;
		};
/* End PBXSourcesBuildPhase section */

/* Begin XCBuildConfiguration section */
		3B3C3B8715D56E64E3831A31 /* Release */ = {
			isa = XCBuildConfiguration;
			buildSettings = {
				ALWAYS_SEARCH_USER_PATHS = NO;
				CLANG_ANALYZER_NONNULL = YES;
				CLANG_ANALYZER_NUMBER_OBJECT_CONVERSION = YES_AGGRESSIVE;
				CLANG_CXX_LANGUAGE_STANDARD = "gnu++14";
				CLANG_CXX_LIBRARY = "libc++";
				CLANG_ENABLE_MODULES = YES;
				CLANG_ENABLE_OBJC_ARC = YES;
				CLANG_ENABLE_OBJC_WEAK = YES;
				CLANG_WARN_BLOCK_CAPTURE_AUTORELEASING = YES;
				CLANG_WARN_BOOL_CONVERSION = YES;
				CLANG_WARN_COMMA = YES;
				CLANG_WARN_CONSTANT_CONVERSION = YES;
				CLANG_WARN_DEPRECATED_OBJC_IMPLEMENTATIONS = YES;
				CLANG_WARN_DIRECT_OBJC_ISA_USAGE = YES_ERROR;
				CLANG_WARN_DOCUMENTATION_COMMENTS = YES;
				CLANG_WARN_EMPTY_BODY = YES;
				CLANG_WARN_ENUM_CONVERSION = YES;
				CLANG_WARN_INFINITE_RECURSION = YES;
				CLANG_WARN_INT_CONVERSION = YES;
				CLANG_WARN_NON_LITERAL_NULL_CONVERSION = YES;
				CLANG_WARN_OBJC_IMPLICIT_RETAIN_SELF = YES;
				CLANG_WARN_OBJC_LITERAL_CONVERSION = YES;
				CLANG_WARN_OBJC_ROOT_CLASS = YES_ERROR;
				CLANG_WARN_QUOTED_INCLUDE_IN_FRAMEWORK_HEADER = YES;
				CLANG_WARN_RANGE_LOOP_ANALYSIS = YES;
				CLANG_WARN_STRICT_PROTOTYPES = YES;
				CLANG_WARN_SUSPICIOUS_MOVE = YES;
				CLANG_WARN_UNGUARDED_AVAILABILITY = YES_AGGRESSIVE;
				CLANG_WARN_UNREACHABLE_CODE = YES;
				CLANG_WARN__DUPLICATE_METHOD_MATCH = YES;
				COPY_PHASE_STRIP = NO;
				DEBUG_INFORMATION_FORMAT = "dwarf-with-dsym";
				ENABLE_NS_ASSERTIONS = NO;
				ENABLE_STRICT_OBJC_MSGSEND = YES;
				GCC_C_LANGUAGE_STANDARD = gnu11;
				GCC_NO_COMMON_BLOCKS = YES;
				GCC_WARN_64_TO_32_BIT_CONVERSION = YES;
				GCC_WARN_ABOUT_RETURN_TYPE = YES_ERROR;
				GCC_WARN_UNDECLARED_SELECTOR = YES;
				GCC_WARN_UNINITIALIZED_AUTOS = YES_AGGRESSIVE;
				GCC_WARN_UNUSED_FUNCTION = YES;
				GCC_WARN_UNUSED_VARIABLE = YES;
				IPHONEOS_DEPLOYMENT_TARGET = 16.0;
				MTL_ENABLE_DEBUG_INFO = NO;
				MTL_FAST_MATH = YES;
				PRODUCT_NAME = "$(TARGET_NAME)";
				SDKROOT = iphoneos;
				SWIFT_COMPILATION_MODE = wholemodule;
				SWIFT_OPTIMIZATION_LEVEL = "-O";
				SWIFT_VERSION = 5.0;
			};
			name = Release;
		};
		474ED41FF01448075D75BE79 /* Debug */ = {
			isa = XCBuildConfiguration;
			buildSettings = {
				ALWAYS_SEARCH_USER_PATHS = NO;
				CLANG_ANALYZER_NONNULL = YES;
				CLANG_ANALYZER_NUMBER_OBJECT_CONVERSION = YES_AGGRESSIVE;
				CLANG_CXX_LANGUAGE_STANDARD = "gnu++14";
				CLANG_CXX_LIBRARY = "libc++";
				CLANG_ENABLE_MODULES = YES;
				CLANG_ENABLE_OBJC_ARC = YES;
				CLANG_ENABLE_OBJC_WEAK = YES;
				CLANG_WARN_BLOCK_CAPTURE_AUTORELEASING = YES;
				CLANG_WARN_BOOL_CONVERSION = YES;
				CLANG_WARN_COMMA = YES;
				CLANG_WARN_CONSTANT_CONVERSION = YES;
				CLANG_WARN_DEPRECATED_OBJC_IMPLEMENTATIONS = YES;
				CLANG_WARN_DIRECT_OBJC_ISA_USAGE = YES_ERROR;
				CLANG_WARN_DOCUMENTATION_COMMENTS = YES;
				CLANG_WARN_EMPTY_BODY = YES;
				CLANG_WARN_ENUM_CONVERSION = YES;
				CLANG_WARN_INFINITE_RECURSION = YES;
				CLANG_WARN_INT_CONVERSION = YES;
				CLANG_WARN_NON_LITERAL_NULL_CONVERSION = YES;
				CLANG_WARN_OBJC_IMPLICIT_RETAIN_SELF = YES;
				CLANG_WARN_OBJC_LITERAL_CONVERSION = YES;
				CLANG_WARN_OBJC_ROOT_CLASS = YES_ERROR;
				CLANG_WARN_QUOTED_INCLUDE_IN_FRAMEWORK_HEADER = YES;
				CLANG_WARN_RANGE_LOOP_ANALYSIS = YES;
				CLANG_WARN_STRICT_PROTOTYPES = YES;
				CLANG_WARN_SUSPICIOUS_MOVE = YES;
				CLANG_WARN_UNGUARDED_AVAILABILITY = YES_AGGRESSIVE;
				CLANG_WARN_UNREACHABLE_CODE = YES;
				CLANG_WARN__DUPLICATE_METHOD_MATCH = YES;
				COPY_PHASE_STRIP = NO;
				DEBUG_INFORMATION_FORMAT = dwarf;
				ENABLE_STRICT_OBJC_MSGSEND = YES;
				ENABLE_TESTABILITY = YES;
				GCC_C_LANGUAGE_STANDARD = gnu11;
				GCC_DYNAMIC_NO_PIC = NO;
				GCC_NO_COMMON_BLOCKS = YES;
				GCC_OPTIMIZATION_LEVEL = 0;
				GCC_PREPROCESSOR_DEFINITIONS = (
					"$(inherited)",
					"DEBUG=1",
				);
				GCC_WARN_64_TO_32_BIT_CONVERSION = YES;
				GCC_WARN_ABOUT_RETURN_TYPE = YES_ERROR;
				GCC_WARN_UNDECLARED_SELECTOR = YES;
				GCC_WARN_UNINITIALIZED_AUTOS = YES_AGGRESSIVE;
				GCC_WARN_UNUSED_FUNCTION = YES;
				GCC_WARN_UNUSED_VARIABLE = YES;
				IPHONEOS_DEPLOYMENT_TARGET = 16.0;
				MTL_ENABLE_DEBUG_INFO = INCLUDE_SOURCE;
				MTL_FAST_MATH = YES;
				ONLY_ACTIVE_ARCH = YES;
				PRODUCT_NAME = "$(TARGET_NAME)";
				SDKROOT = iphoneos;
				SWIFT_ACTIVE_COMPILATION_CONDITIONS = DEBUG;
				SWIFT_OPTIMIZATION_LEVEL = "-Onone";
				SWIFT_VERSION = 5.0;
			};
			name = Debug;
		};
		99190836DBE94F09F151FC85 /* Debug */ = {
			isa = XCBuildConfiguration;
			buildSettings = {
				ASSETCATALOG_COMPILER_APPICON_NAME = AppIcon;
				CODE_SIGN_IDENTITY = "iPhone Developer";
				CODE_SIGN_STYLE = Automatic;
				CURRENT_PROJECT_VERSION = 1;
				DEVELOPMENT_TEAM = D5QAJTL57J;
				INFOPLIST_FILE = Info.plist;
				LD_RUNPATH_SEARCH_PATHS = (
					"$(inherited)",
					"@executable_path/Frameworks",
				);
				MARKETING_VERSION = 0.1.0;
				PRODUCT_BUNDLE_IDENTIFIER = com.hansangcharim.vibex;
				SDKROOT = iphoneos;
				SWIFT_VERSION = 5.9;
				TARGETED_DEVICE_FAMILY = 2;
			};
			name = Debug;
		};
		E48DC1A56FF41E5817312D0B /* Release */ = {
			isa = XCBuildConfiguration;
			buildSettings = {
				ASSETCATALOG_COMPILER_APPICON_NAME = AppIcon;
				CODE_SIGN_IDENTITY = "iPhone Developer";
				CODE_SIGN_STYLE = Automatic;
				CURRENT_PROJECT_VERSION = 1;
				DEVELOPMENT_TEAM = D5QAJTL57J;
				INFOPLIST_FILE = Info.plist;
				LD_RUNPATH_SEARCH_PATHS = (
					"$(inherited)",
					"@executable_path/Frameworks",
				);
				MARKETING_VERSION = 0.1.0;
				PRODUCT_BUNDLE_IDENTIFIER = com.hansangcharim.vibex;
				SDKROOT = iphoneos;
				SWIFT_VERSION = 5.9;
				TARGETED_DEVICE_FAMILY = 2;
			};
			name = Release;
		};
/* End XCBuildConfiguration section */

/* Begin XCConfigurationList section */
		3219100FFB8ED59B406A2F45 /* Build configuration list for PBXNativeTarget "Vibex" */ = {
			isa = XCConfigurationList;
			buildConfigurations = (
				99190836DBE94F09F151FC85 /* Debug */,
				E48DC1A56FF41E5817312D0B /* Release */,
			);
			defaultConfigurationIsVisible = 0;
			defaultConfigurationName = Debug;
		};
		C798100E75EAC027FF720B8F /* Build configuration list for PBXProject "Vibex" */ = {
			isa = XCConfigurationList;
			buildConfigurations = (
				474ED41FF01448075D75BE79 /* Debug */,
				3B3C3B8715D56E64E3831A31 /* Release */,
			);
			defaultConfigurationIsVisible = 0;
			defaultConfigurationName = Debug;
		};
/* End XCConfigurationList section */
	};
	rootObject = D3DF6F9D5F80DDA7A4B6B6FE /* Project object */;
}
