// !$*UTF8*$!
{
	archiveVersion = 1;
	classes = {
	};
	objectVersion = 77;
	objects = {

/* Begin PBXBuildFile section */
		1029E8743E0A866CCFF3C056 /* LivePreviewEditorView.swift in Sources */ = {isa = PBXBuildFile; fileRef = "TEMP_24792D87-6415-4453-8686-ECD494F0655B" /* LivePreviewEditorView.swift */; };
		1AFE247E1B828395524FDC5B /* PencilCanvas.swift in Sources */ = {isa = PBXBuildFile; fileRef = "TEMP_2F5C0850-DB21-4E83-8355-C8FD3A72DF86" /* PencilCanvas.swift */; };
		2126B73A2D900E71792DB49E /* EventStream.swift in Sources */ = {isa = PBXBuildFile; fileRef = "TEMP_144F727E-7B1F-4F27-98EE-DC4D28D3AFFF" /* EventStream.swift */; };
		2434696AEBA602B65386E6E7 /* HarnessView.swift in Sources */ = {isa = PBXBuildFile; fileRef = "TEMP_E0CF5131-5EB7-4D1F-9043-07DEFB7C260A" /* HarnessView.swift */; };
		2D7294BCB47405C15DD6E0B6 /* RootView.swift in Sources */ = {isa = PBXBuildFile; fileRef = "TEMP_11662FEC-90EF-47AC-8A02-5634E4299392" /* RootView.swift */; };
		66237561035B33A76781F121 /* VibexApp.swift in Sources */ = {isa = PBXBuildFile; fileRef = "TEMP_945F9668-0502-4D33-A768-21C33C8181E9" /* VibexApp.swift */; };
		8F9F7B99D045D872310831EF /* ShapeSnap.swift in Sources */ = {isa = PBXBuildFile; fileRef = "TEMP_74676737-91D5-4BE0-B059-E0CD32A6B7DF" /* ShapeSnap.swift */; };
		934142AC1E7A77CFD3507F6B /* BridgeClient.swift in Sources */ = {isa = PBXBuildFile; fileRef = "TEMP_20C1FAFA-D828-4B09-8D72-A7F2A54E1E05" /* BridgeClient.swift */; };
		9507C76A1F8A040975B920DB /* AnnotationCanvasView.swift in Sources */ = {isa = PBXBuildFile; fileRef = "TEMP_210A9611-6CCD-47DB-B504-80814258AA79" /* AnnotationCanvasView.swift */; };
		E7928362E7F24E3B6E528B34 /* CanvasComposer.swift in Sources */ = {isa = PBXBuildFile; fileRef = "TEMP_23CF2E22-8EB6-4A33-8845-CF34E633102A" /* CanvasComposer.swift */; };
/* End PBXBuildFile section */

/* Begin PBXFileReference section */
		8443143F55201380A755EDB2 /* Vibex.app */ = {isa = PBXFileReference; explicitFileType = wrapper.application; includeInIndex = 0; path = Vibex.app; sourceTree = BUILT_PRODUCTS_DIR; };
		"TEMP_11662FEC-90EF-47AC-8A02-5634E4299392" /* RootView.swift */ = {isa = PBXFileReference; lastKnownFileType = sourcecode.swift; path = RootView.swift; sourceTree = "<group>"; };
		"TEMP_144F727E-7B1F-4F27-98EE-DC4D28D3AFFF" /* EventStream.swift */ = {isa = PBXFileReference; lastKnownFileType = sourcecode.swift; path = EventStream.swift; sourceTree = "<group>"; };
		"TEMP_20C1FAFA-D828-4B09-8D72-A7F2A54E1E05" /* BridgeClient.swift */ = {isa = PBXFileReference; lastKnownFileType = sourcecode.swift; path = BridgeClient.swift; sourceTree = "<group>"; };
		"TEMP_210A9611-6CCD-47DB-B504-80814258AA79" /* AnnotationCanvasView.swift */ = {isa = PBXFileReference; lastKnownFileType = sourcecode.swift; path = AnnotationCanvasView.swift; sourceTree = "<group>"; };
		"TEMP_23CF2E22-8EB6-4A33-8845-CF34E633102A" /* CanvasComposer.swift */ = {isa = PBXFileReference; lastKnownFileType = sourcecode.swift; path = CanvasComposer.swift; sourceTree = "<group>"; };
		"TEMP_24792D87-6415-4453-8686-ECD494F0655B" /* LivePreviewEditorView.swift */ = {isa = PBXFileReference; lastKnownFileType = sourcecode.swift; path = LivePreviewEditorView.swift; sourceTree = "<group>"; };
		"TEMP_2F5C0850-DB21-4E83-8355-C8FD3A72DF86" /* PencilCanvas.swift */ = {isa = PBXFileReference; lastKnownFileType = sourcecode.swift; path = PencilCanvas.swift; sourceTree = "<group>"; };
		"TEMP_74676737-91D5-4BE0-B059-E0CD32A6B7DF" /* ShapeSnap.swift */ = {isa = PBXFileReference; lastKnownFileType = sourcecode.swift; path = ShapeSnap.swift; sourceTree = "<group>"; };
		"TEMP_945F9668-0502-4D33-A768-21C33C8181E9" /* VibexApp.swift */ = {isa = PBXFileReference; lastKnownFileType = sourcecode.swift; path = VibexApp.swift; sourceTree = "<group>"; };
		"TEMP_E0CF5131-5EB7-4D1F-9043-07DEFB7C260A" /* HarnessView.swift */ = {isa = PBXFileReference; lastKnownFileType = sourcecode.swift; path = HarnessView.swift; sourceTree = "<group>"; };
/* End PBXFileReference section */

/* Begin PBXGroup section */
		5328E02D7EF36AF5A8348653 /* Products */ = {
			isa = PBXGroup;
			children = (
				8443143F55201380A755EDB2 /* Vibex.app */,
			);
			name = Products;
			sourceTree = "<group>";
		};
		8415B0E73029DCCA00210638 /* Recovered References */ = {
			isa = PBXGroup;
			children = (
				"TEMP_210A9611-6CCD-47DB-B504-80814258AA79" /* AnnotationCanvasView.swift */,
				"TEMP_20C1FAFA-D828-4B09-8D72-A7F2A54E1E05" /* BridgeClient.swift */,
				"TEMP_23CF2E22-8EB6-4A33-8845-CF34E633102A" /* CanvasComposer.swift */,
				"TEMP_144F727E-7B1F-4F27-98EE-DC4D28D3AFFF" /* EventStream.swift */,
				"TEMP_E0CF5131-5EB7-4D1F-9043-07DEFB7C260A" /* HarnessView.swift */,
				"TEMP_24792D87-6415-4453-8686-ECD494F0655B" /* LivePreviewEditorView.swift */,
				"TEMP_2F5C0850-DB21-4E83-8355-C8FD3A72DF86" /* PencilCanvas.swift */,
				"TEMP_11662FEC-90EF-47AC-8A02-5634E4299392" /* RootView.swift */,
				"TEMP_74676737-91D5-4BE0-B059-E0CD32A6B7DF" /* ShapeSnap.swift */,
				"TEMP_945F9668-0502-4D33-A768-21C33C8181E9" /* VibexApp.swift */,
			);
			name = "Recovered References";
			sourceTree = "<group>";
		};
		DD68C710637FA73E797FECCE = {
			isa = PBXGroup;
			children = (
				5328E02D7EF36AF5A8348653 /* Products */,
				8415B0E73029DCCA00210638 /* Recovered References */,
			);
			sourceTree = "<group>";
		};
/* End PBXGroup section */

/* Begin PBXNativeTarget section */
		A675ED5F779372C1EE35BBC7 /* Vibex */ = {
			isa = PBXNativeTarget;
			buildConfigurationList = 3219100FFB8ED59B406A2F45 /* Build configuration list for PBXNativeTarget "Vibex" */;
			buildPhases = (
				177EE82F71ADB1D83EE42AA4 /* Sources */,
			);
			buildRules = (
			);
			dependencies = (
			);
			name = Vibex;
			packageProductDependencies = (
			);
			productName = Vibex;
			productReference = 8443143F55201380A755EDB2 /* Vibex.app */;
			productType = "com.apple.product-type.application";
		};
/* End PBXNativeTarget section */

/* Begin PBXProject section */
		D3DF6F9D5F80DDA7A4B6B6FE /* Project object */ = {
			isa = PBXProject;
			attributes = {
				BuildIndependentTargetsInParallel = YES;
				LastUpgradeCheck = 2630;
			};
			buildConfigurationList = C798100E75EAC027FF720B8F /* Build configuration list for PBXProject "Vibex" */;
			developmentRegion = en;
			hasScannedForEncodings = 0;
			knownRegions = (
				Base,
				en,
			);
			mainGroup = DD68C710637FA73E797FECCE;
			minimizedProjectReferenceProxies = 1;
			preferredProjectObjectVersion = 77;
			productRefGroup = 5328E02D7EF36AF5A8348653 /* Products */;
			projectDirPath = "";
			projectRoot = "";
			targets = (
				A675ED5F779372C1EE35BBC7 /* Vibex */,
			);
		};
/* End PBXProject section */

/* Begin PBXSourcesBuildPhase section */
		177EE82F71ADB1D83EE42AA4 /* Sources */ = {
			isa = PBXSourcesBuildPhase;
			buildActionMask = 2147483647;
			files = (
				9507C76A1F8A040975B920DB /* AnnotationCanvasView.swift in Sources */,
				934142AC1E7A77CFD3507F6B /* BridgeClient.swift in Sources */,
				E7928362E7F24E3B6E528B34 /* CanvasComposer.swift in Sources */,
				2126B73A2D900E71792DB49E /* EventStream.swift in Sources */,
				2434696AEBA602B65386E6E7 /* HarnessView.swift in Sources */,
				1029E8743E0A866CCFF3C056 /* LivePreviewEditorView.swift in Sources */,
				1AFE247E1B828395524FDC5B /* PencilCanvas.swift in Sources */,
				2D7294BCB47405C15DD6E0B6 /* RootView.swift in Sources */,
				8F9F7B99D045D872310831EF /* ShapeSnap.swift in Sources */,
				66237561035B33A76781F121 /* VibexApp.swift in Sources */,
			);
			runOnlyForDeploymentPostprocessing = 0;
		};
/* End PBXSourcesBuildPhase section */

/* Begin XCBuildConfiguration section */
		3B3C3B8715D56E64E3831A31 /* Release */ = {
			isa = XCBuildConfiguration;
			buildSettings = {
				ALWAYS_SEARCH_USER_PATHS = NO;
				CLANG_ANALYZER_NONNULL = YES;
				CLANG_ANALYZER_NUMBER_OBJECT_CONVERSION = YES_AGGRESSIVE;
				CLANG_CXX_LANGUAGE_STANDARD = "gnu++14";
				CLANG_CXX_LIBRARY = "libc++";
				CLANG_ENABLE_MODULES = YES;
				CLANG_ENABLE_OBJC_ARC = YES;
				CLANG_ENABLE_OBJC_WEAK = YES;
				CLANG_WARN_BLOCK_CAPTURE_AUTORELEASING = YES;
				CLANG_WARN_BOOL_CONVERSION = YES;
				CLANG_WARN_COMMA = YES;
				CLANG_WARN_CONSTANT_CONVERSION = YES;
				CLANG_WARN_DEPRECATED_OBJC_IMPLEMENTATIONS = YES;
				CLANG_WARN_DIRECT_OBJC_ISA_USAGE = YES_ERROR;
				CLANG_WARN_DOCUMENTATION_COMMENTS = YES;
				CLANG_WARN_EMPTY_BODY = YES;
				CLANG_WARN_ENUM_CONVERSION = YES;
				CLANG_WARN_INFINITE_RECURSION = YES;
				CLANG_WARN_INT_CONVERSION = YES;
				CLANG_WARN_NON_LITERAL_NULL_CONVERSION = YES;
				CLANG_WARN_OBJC_IMPLICIT_RETAIN_SELF = YES;
				CLANG_WARN_OBJC_LITERAL_CONVERSION = YES;
				CLANG_WARN_OBJC_ROOT_CLASS = YES_ERROR;
				CLANG_WARN_QUOTED_INCLUDE_IN_FRAMEWORK_HEADER = YES;
				CLANG_WARN_RANGE_LOOP_ANALYSIS = YES;
				CLANG_WARN_STRICT_PROTOTYPES = YES;
				CLANG_WARN_SUSPICIOUS_MOVE = YES;
				CLANG_WARN_UNGUARDED_AVAILABILITY = YES_AGGRESSIVE;
				CLANG_WARN_UNREACHABLE_CODE = YES;
				CLANG_WARN__DUPLICATE_METHOD_MATCH = YES;
				COPY_PHASE_STRIP = NO;
				DEBUG_INFORMATION_FORMAT = "dwarf-with-dsym";
				ENABLE_NS_ASSERTIONS = NO;
				ENABLE_STRICT_OBJC_MSGSEND = YES;
				ENABLE_USER_SCRIPT_SANDBOXING = YES;
				GCC_C_LANGUAGE_STANDARD = gnu11;
				GCC_NO_COMMON_BLOCKS = YES;
				GCC_WARN_64_TO_32_BIT_CONVERSION = YES;
				GCC_WARN_ABOUT_RETURN_TYPE = YES_ERROR;
				GCC_WARN_UNDECLARED_SELECTOR = YES;
				GCC_WARN_UNINITIALIZED_AUTOS = YES_AGGRESSIVE;
				GCC_WARN_UNUSED_FUNCTION = YES;
				GCC_WARN_UNUSED_VARIABLE = YES;
				IPHONEOS_DEPLOYMENT_TARGET = 16.0;
				MTL_ENABLE_DEBUG_INFO = NO;
				MTL_FAST_MATH = YES;
				PRODUCT_NAME = "$(TARGET_NAME)";
				SDKROOT = iphoneos;
				STRING_CATALOG_GENERATE_SYMBOLS = YES;
				SWIFT_COMPILATION_MODE = wholemodule;
				SWIFT_OPTIMIZATION_LEVEL = "-O";
				SWIFT_VERSION = 5.0;
			};
			name = Release;
		};
		474ED41FF01448075D75BE79 /* Debug */ = {
			isa = XCBuildConfiguration;
			buildSettings = {
				ALWAYS_SEARCH_USER_PATHS = NO;
				CLANG_ANALYZER_NONNULL = YES;
				CLANG_ANALYZER_NUMBER_OBJECT_CONVERSION = YES_AGGRESSIVE;
				CLANG_CXX_LANGUAGE_STANDARD = "gnu++14";
				CLANG_CXX_LIBRARY = "libc++";
				CLANG_ENABLE_MODULES = YES;
				CLANG_ENABLE_OBJC_ARC = YES;
				CLANG_ENABLE_OBJC_WEAK = YES;
				CLANG_WARN_BLOCK_CAPTURE_AUTORELEASING = YES;
				CLANG_WARN_BOOL_CONVERSION = YES;
				CLANG_WARN_COMMA = YES;
				CLANG_WARN_CONSTANT_CONVERSION = YES;
				CLANG_WARN_DEPRECATED_OBJC_IMPLEMENTATIONS = YES;
				CLANG_WARN_DIRECT_OBJC_ISA_USAGE = YES_ERROR;
				CLANG_WARN_DOCUMENTATION_COMMENTS = YES;
				CLANG_WARN_EMPTY_BODY = YES;
				CLANG_WARN_ENUM_CONVERSION = YES;
				CLANG_WARN_INFINITE_RECURSION = YES;
				CLANG_WARN_INT_CONVERSION = YES;
				CLANG_WARN_NON_LITERAL_NULL_CONVERSION = YES;
				CLANG_WARN_OBJC_IMPLICIT_RETAIN_SELF = YES;
				CLANG_WARN_OBJC_LITERAL_CONVERSION = YES;
				CLANG_WARN_OBJC_ROOT_CLASS = YES_ERROR;
				CLANG_WARN_QUOTED_INCLUDE_IN_FRAMEWORK_HEADER = YES;
				CLANG_WARN_RANGE_LOOP_ANALYSIS = YES;
				CLANG_WARN_STRICT_PROTOTYPES = YES;
				CLANG_WARN_SUSPICIOUS_MOVE = YES;
				CLANG_WARN_UNGUARDED_AVAILABILITY = YES_AGGRESSIVE;
				CLANG_WARN_UNREACHABLE_CODE = YES;
				CLANG_WARN__DUPLICATE_METHOD_MATCH = YES;
				COPY_PHASE_STRIP = NO;
				DEBUG_INFORMATION_FORMAT = dwarf;
				ENABLE_STRICT_OBJC_MSGSEND = YES;
				ENABLE_TESTABILITY = YES;
				ENABLE_USER_SCRIPT_SANDBOXING = YES;
				GCC_C_LANGUAGE_STANDARD = gnu11;
				GCC_DYNAMIC_NO_PIC = NO;
				GCC_NO_COMMON_BLOCKS = YES;
				GCC_OPTIMIZATION_LEVEL = 0;
				GCC_PREPROCESSOR_DEFINITIONS = (
					"$(inherited)",
					"DEBUG=1",
				);
				GCC_WARN_64_TO_32_BIT_CONVERSION = YES;
				GCC_WARN_ABOUT_RETURN_TYPE = YES_ERROR;
				GCC_WARN_UNDECLARED_SELECTOR = YES;
				GCC_WARN_UNINITIALIZED_AUTOS = YES_AGGRESSIVE;
				GCC_WARN_UNUSED_FUNCTION = YES;
				GCC_WARN_UNUSED_VARIABLE = YES;
				IPHONEOS_DEPLOYMENT_TARGET = 16.0;
				MTL_ENABLE_DEBUG_INFO = INCLUDE_SOURCE;
				MTL_FAST_MATH = YES;
				ONLY_ACTIVE_ARCH = YES;
				PRODUCT_NAME = "$(TARGET_NAME)";
				SDKROOT = iphoneos;
				STRING_CATALOG_GENERATE_SYMBOLS = YES;
				SWIFT_ACTIVE_COMPILATION_CONDITIONS = DEBUG;
				SWIFT_OPTIMIZATION_LEVEL = "-Onone";
				SWIFT_VERSION = 5.0;
			};
			name = Debug;
		};
		99190836DBE94F09F151FC85 /* Debug */ = {
			isa = XCBuildConfiguration;
			buildSettings = {
				ASSETCATALOG_COMPILER_APPICON_NAME = AppIcon;
				CODE_SIGN_IDENTITY = "Apple Development";
				CODE_SIGN_STYLE = Automatic;
				CURRENT_PROJECT_VERSION = 1;
				DEVELOPMENT_TEAM = D5QAJTL57J;
				INFOPLIST_FILE = Info.plist;
				LD_RUNPATH_SEARCH_PATHS = (
					"$(inherited)",
					"@executable_path/Frameworks",
				);
				MARKETING_VERSION = 0.1.0;
				PRODUCT_BUNDLE_IDENTIFIER = com.hansangcharim.vibex;
				SDKROOT = iphoneos;
				SWIFT_VERSION = 5.9;
				TARGETED_DEVICE_FAMILY = 2;
			};
			name = Debug;
		};
		E48DC1A56FF41E5817312D0B /* Release */ = {
			isa = XCBuildConfiguration;
			buildSettings = {
				ASSETCATALOG_COMPILER_APPICON_NAME = AppIcon;
				CODE_SIGN_IDENTITY = "Apple Development";
				CODE_SIGN_STYLE = Automatic;
				CURRENT_PROJECT_VERSION = 1;
				DEVELOPMENT_TEAM = D5QAJTL57J;
				INFOPLIST_FILE = Info.plist;
				LD_RUNPATH_SEARCH_PATHS = (
					"$(inherited)",
					"@executable_path/Frameworks",
				);
				MARKETING_VERSION = 0.1.0;
				PRODUCT_BUNDLE_IDENTIFIER = com.hansangcharim.vibex;
				SDKROOT = iphoneos;
				SWIFT_VERSION = 5.9;
				TARGETED_DEVICE_FAMILY = 2;
			};
			name = Release;
		};
/* End XCBuildConfiguration section */

/* Begin XCConfigurationList section */
		3219100FFB8ED59B406A2F45 /* Build configuration list for PBXNativeTarget "Vibex" */ = {
			isa = XCConfigurationList;
			buildConfigurations = (
				99190836DBE94F09F151FC85 /* Debug */,
				E48DC1A56FF41E5817312D0B /* Release */,
			);
			defaultConfigurationIsVisible = 0;
			defaultConfigurationName = Debug;
		};
		C798100E75EAC027FF720B8F /* Build configuration list for PBXProject "Vibex" */ = {
			isa = XCConfigurationList;
			buildConfigurations = (
				474ED41FF01448075D75BE79 /* Debug */,
				3B3C3B8715D56E64E3831A31 /* Release */,
			);
			defaultConfigurationIsVisible = 0;
			defaultConfigurationName = Debug;
		};
/* End XCConfigurationList section */
	};
	rootObject = D3DF6F9D5F80DDA7A4B6B6FE /* Project object */;
}
